
Microsoft Visual Studio Solution File, Format Version 12.00
# Visual Studio Version 16
VisualStudioVersion = 16.0.29519.181
MinimumVisualStudioVersion = 10.0.40219.1
Project("{FAE04EC0-301F-11D3-BF4B-00C04F79EFBC}") = "ProjectWheatstone", "ProjectWheatstone\ProjectWheatstone.csproj", "{487C2133-7E85-49EF-9264-8B3980CD9550}"
EndProject
Project("{FAE04EC0-301F-11D3-BF4B-00C04F79EFBC}") = "UnitTests", "UnitTests\UnitTests.csproj", "{5E4DB421-E11A-4505-97C7-FC1C5EF39C48}"
EndProject
Global
	GlobalSection(SolutionConfigurationPlatforms) = preSolution
		Debug|Any CPU = Debug|Any CPU
		Release|Any CPU = Release|Any CPU
	EndGlobalSection
	GlobalSection(ProjectConfigurationPlatforms) = postSolution
		{487C2133-7E85-49EF-9264-8B3980CD9550}.Debug|Any CPU.ActiveCfg = Debug|Any CPU
		{487C2133-7E85-49EF-9264-8B3980CD9550}.Debug|Any CPU.Build.0 = Debug|Any CPU
		{487C2133-7E85-49EF-9264-8B3980CD9550}.Release|Any CPU.ActiveCfg = Release|Any CPU
		{487C2133-7E85-49EF-9264-8B3980CD9550}.Release|Any CPU.Build.0 = Release|Any CPU
		{5E4DB421-E11A-4505-97C7-FC1C5EF39C48}.Debug|Any CPU.ActiveCfg = Debug|Any CPU
		{5E4DB421-E11A-4505-97C7-FC1C5EF39C48}.Debug|Any CPU.Build.0 = Debug|Any CPU
		{5E4DB421-E11A-4505-97C7-FC1C5EF39C48}.Release|Any CPU.ActiveCfg = Release|Any CPU
		{5E4DB421-E11A-4505-97C7-FC1C5EF39C48}.Release|Any CPU.Build.0 = Release|Any CPU
	EndGlobalSection
	GlobalSection(SolutionProperties) = preSolution
		HideSolutionNode = FALSE
	EndGlobalSection
	GlobalSection(ExtensibilityGlobals) = postSolution
		SolutionGuid = {7CFB5424-22E2-469A-A882-36AD10E58ABF}
	EndGlobalSection
EndGlobal
